
Microsoft Visual Studio Solution File, Format Version 12.00
# Visual Studio Version 16
VisualStudioVersion = 16.0.28803.202
MinimumVisualStudioVersion = 10.0.40219.1
Project("{FAE04EC0-301F-11D3-BF4B-00C04F79EFBC}") = "Strukturos klaseje Nr. 4", "Strukturos klaseje Nr. 4\Strukturos klaseje Nr. 4.csproj", "{30D45D8F-A97A-4ABB-99D2-8F9DCD8145BF}"
EndProject
Project("{FAE04EC0-301F-11D3-BF4B-00C04F79EFBC}") = "PirkinysStruct", "PirkinysStruct\PirkinysStruct.csproj", "{4D138B3A-B459-4591-87DB-5E3DBB9FD749}"
EndProject
Global
	GlobalSection(SolutionConfigurationPlatforms) = preSolution
		Debug|Any CPU = Debug|Any CPU
		Release|Any CPU = Release|Any CPU
	EndGlobalSection
	GlobalSection(ProjectConfigurationPlatforms) = postSolution
		{30D45D8F-A97A-4ABB-99D2-8F9DCD8145BF}.Debug|Any CPU.ActiveCfg = Debug|Any CPU
		{30D45D8F-A97A-4ABB-99D2-8F9DCD8145BF}.Debug|Any CPU.Build.0 = Debug|Any CPU
		{30D45D8F-A97A-4ABB-99D2-8F9DCD8145BF}.Release|Any CPU.ActiveCfg = Release|Any CPU
		{30D45D8F-A97A-4ABB-99D2-8F9DCD8145BF}.Release|Any CPU.Build.0 = Release|Any CPU
		{4D138B3A-B459-4591-87DB-5E3DBB9FD749}.Debug|Any CPU.ActiveCfg = Debug|Any CPU
		{4D138B3A-B459-4591-87DB-5E3DBB9FD749}.Debug|Any CPU.Build.0 = Debug|Any CPU
		{4D138B3A-B459-4591-87DB-5E3DBB9FD749}.Release|Any CPU.ActiveCfg = Release|Any CPU
		{4D138B3A-B459-4591-87DB-5E3DBB9FD749}.Release|Any CPU.Build.0 = Release|Any CPU
	EndGlobalSection
	GlobalSection(SolutionProperties) = preSolution
		HideSolutionNode = FALSE
	EndGlobalSection
	GlobalSection(ExtensibilityGlobals) = postSolution
		SolutionGuid = {90C7B1B8-20A9-4845-B174-09C748611558}
	EndGlobalSection
EndGlobal
